
Microsoft Visual Studio Solution File, Format Version 12.00
# Visual Studio Version 16
VisualStudioVersion = 16.0.29326.143
MinimumVisualStudioVersion = 10.0.40219.1
Project("{FAE04EC0-301F-11D3-BF4B-00C04F79EFBC}") = "CookieDemo", "CookieDemo\CookieDemo.csproj", "{C4D3862E-9A0C-41EA-BFB4-B870021D0DBE}"
EndProject
Global
	GlobalSection(SolutionConfigurationPlatforms) = preSolution
		Debug|Any CPU = Debug|Any CPU
		Release|Any CPU = Release|Any CPU
	EndGlobalSection
	GlobalSection(ProjectConfigurationPlatforms) = postSolution
		{C4D3862E-9A0C-41EA-BFB4-B870021D0DBE}.Debug|Any CPU.ActiveCfg = Debug|Any CPU
		{C4D3862E-9A0C-41EA-BFB4-B870021D0DBE}.Debug|Any CPU.Build.0 = Debug|Any CPU
		{C4D3862E-9A0C-41EA-BFB4-B870021D0DBE}.Release|Any CPU.ActiveCfg = Release|Any CPU
		{C4D3862E-9A0C-41EA-BFB4-B870021D0DBE}.Release|Any CPU.Build.0 = Release|Any CPU
	EndGlobalSection
	GlobalSection(SolutionProperties) = preSolution
		HideSolutionNode = FALSE
	EndGlobalSection
	GlobalSection(ExtensibilityGlobals) = postSolution
		SolutionGuid = {4E367477-555C-41F3-B5E5-9DE4109D2729}
	EndGlobalSection
EndGlobal
